
Microsoft Visual Studio Solution File, Format Version 12.00
# Visual Studio Version 17
VisualStudioVersion = 17.10.34928.147
MinimumVisualStudioVersion = 10.0.40219.1
Project("{9A19103F-16F7-4668-BE54-9A1E7A4F7556}") = "Infrastructure", "DataLayer\Infrastructure.csproj", "{84F32E5D-A987-482F-A437-ADD74FF8FB1C}"
EndProject
Project("{9A19103F-16F7-4668-BE54-9A1E7A4F7556}") = "InfractructureTests", "DataLayerTests\InfractructureTests.csproj", "{07ACD54E-B0A1-4A70-A10D-30F4D17CD0BC}"
EndProject
Project("{9A19103F-16F7-4668-BE54-9A1E7A4F7556}") = "DomainLayer", "DomainLayer\DomainLayer.csproj", "{4E46237F-E3CF-4B5E-89F7-99D4E91C6954}"
EndProject
Project("{9A19103F-16F7-4668-BE54-9A1E7A4F7556}") = "DomainLayerTests", "DomainLayerTests\DomainLayerTests.csproj", "{C3C497CC-6611-462D-8C60-E74B05DF11C7}"
EndProject
Project("{9A19103F-16F7-4668-BE54-9A1E7A4F7556}") = "ApplicationLayerTests", "ApplicationLayerTests\ApplicationLayerTests.csproj", "{CB4B5F79-1BAB-4D26-93A6-1B1DF340AB1C}"
EndProject
Project("{9A19103F-16F7-4668-BE54-9A1E7A4F7556}") = "Server", "ApplicationLayer\Server.csproj", "{DBF7D5D3-CFD9-4E40-AD75-E95DE608D05D}"
EndProject
Project("{2150E333-8FDC-42A3-9474-1A3956D46DE8}") = "Tests", "Tests", "{66CA2C5C-094C-46F6-8944-577EAE50F02F}"
EndProject
Project("{2150E333-8FDC-42A3-9474-1A3956D46DE8}") = "src", "src", "{70C4D21F-CA19-45B8-B226-D18F53D88656}"
EndProject
Project("{2150E333-8FDC-42A3-9474-1A3956D46DE8}") = "Web", "Web", "{22E0DD0C-9F4E-4C22-A1C0-031E89BC3C60}"
EndProject
Project("{2150E333-8FDC-42A3-9474-1A3956D46DE8}") = "Client", "Client", "{C5879A07-725D-4ABB-A1CB-A3287CA8E154}"
EndProject
Project("{2150E333-8FDC-42A3-9474-1A3956D46DE8}") = "Server", "Server", "{EE40B431-CF4F-4EEF-B8F2-2577ED5177B0}"
EndProject
Project("{2150E333-8FDC-42A3-9474-1A3956D46DE8}") = "Domain", "Domain", "{D108B758-E3B1-4341-B5BC-D67C769B4618}"
EndProject
Project("{2150E333-8FDC-42A3-9474-1A3956D46DE8}") = "Infrastrctur", "Infrastrctur", "{305DD517-0351-4B75-9B3D-89FB7A18415C}"
EndProject
Project("{FAE04EC0-301F-11D3-BF4B-00C04F79EFBC}") = "FinanceManager.AppHost", "FinanceManager\FinanceManager.AppHost\FinanceManager.AppHost.csproj", "{DC64E510-068B-4CF5-82AA-41CC4D3AE4CD}"
EndProject
Project("{9A19103F-16F7-4668-BE54-9A1E7A4F7556}") = "FinanceManager.ServiceDefaults", "FinanceManager\FinanceManager.ServiceDefaults\FinanceManager.ServiceDefaults.csproj", "{A61022F9-56B8-452C-997F-7926F637A619}"
EndProject
Project("{9A19103F-16F7-4668-BE54-9A1E7A4F7556}") = "FinanceManager.ApiService", "FinanceManager\FinanceManager.ApiService\FinanceManager.ApiService.csproj", "{9C1B4F3D-6D2B-4BBB-9D6D-A55F6BC9A0CA}"
EndProject
Project("{9A19103F-16F7-4668-BE54-9A1E7A4F7556}") = "FinanceManager.Web", "FinanceManager\FinanceManager.Web\FinanceManager.Web.csproj", "{364A21C7-4122-4B01-B8C2-1A87249CC23D}"
EndProject
Global
	GlobalSection(SolutionConfigurationPlatforms) = preSolution
		Debug|Any CPU = Debug|Any CPU
		Release|Any CPU = Release|Any CPU
	EndGlobalSection
	GlobalSection(ProjectConfigurationPlatforms) = postSolution
		{84F32E5D-A987-482F-A437-ADD74FF8FB1C}.Debug|Any CPU.ActiveCfg = Debug|Any CPU
		{84F32E5D-A987-482F-A437-ADD74FF8FB1C}.Debug|Any CPU.Build.0 = Debug|Any CPU
		{84F32E5D-A987-482F-A437-ADD74FF8FB1C}.Release|Any CPU.ActiveCfg = Release|Any CPU
		{84F32E5D-A987-482F-A437-ADD74FF8FB1C}.Release|Any CPU.Build.0 = Release|Any CPU
		{07ACD54E-B0A1-4A70-A10D-30F4D17CD0BC}.Debug|Any CPU.ActiveCfg = Debug|Any CPU
		{07ACD54E-B0A1-4A70-A10D-30F4D17CD0BC}.Debug|Any CPU.Build.0 = Debug|Any CPU
		{07ACD54E-B0A1-4A70-A10D-30F4D17CD0BC}.Release|Any CPU.ActiveCfg = Release|Any CPU
		{07ACD54E-B0A1-4A70-A10D-30F4D17CD0BC}.Release|Any CPU.Build.0 = Release|Any CPU
		{4E46237F-E3CF-4B5E-89F7-99D4E91C6954}.Debug|Any CPU.ActiveCfg = Debug|Any CPU
		{4E46237F-E3CF-4B5E-89F7-99D4E91C6954}.Debug|Any CPU.Build.0 = Debug|Any CPU
		{4E46237F-E3CF-4B5E-89F7-99D4E91C6954}.Release|Any CPU.ActiveCfg = Release|Any CPU
		{4E46237F-E3CF-4B5E-89F7-99D4E91C6954}.Release|Any CPU.Build.0 = Release|Any CPU
		{C3C497CC-6611-462D-8C60-E74B05DF11C7}.Debug|Any CPU.ActiveCfg = Debug|Any CPU
		{C3C497CC-6611-462D-8C60-E74B05DF11C7}.Debug|Any CPU.Build.0 = Debug|Any CPU
		{C3C497CC-6611-462D-8C60-E74B05DF11C7}.Release|Any CPU.ActiveCfg = Release|Any CPU
		{C3C497CC-6611-462D-8C60-E74B05DF11C7}.Release|Any CPU.Build.0 = Release|Any CPU
		{CB4B5F79-1BAB-4D26-93A6-1B1DF340AB1C}.Debug|Any CPU.ActiveCfg = Debug|Any CPU
		{CB4B5F79-1BAB-4D26-93A6-1B1DF340AB1C}.Debug|Any CPU.Build.0 = Debug|Any CPU
		{CB4B5F79-1BAB-4D26-93A6-1B1DF340AB1C}.Release|Any CPU.ActiveCfg = Release|Any CPU
		{CB4B5F79-1BAB-4D26-93A6-1B1DF340AB1C}.Release|Any CPU.Build.0 = Release|Any CPU
		{DBF7D5D3-CFD9-4E40-AD75-E95DE608D05D}.Debug|Any CPU.ActiveCfg = Debug|Any CPU
		{DBF7D5D3-CFD9-4E40-AD75-E95DE608D05D}.Debug|Any CPU.Build.0 = Debug|Any CPU
		{DBF7D5D3-CFD9-4E40-AD75-E95DE608D05D}.Release|Any CPU.ActiveCfg = Release|Any CPU
		{DBF7D5D3-CFD9-4E40-AD75-E95DE608D05D}.Release|Any CPU.Build.0 = Release|Any CPU
		{DC64E510-068B-4CF5-82AA-41CC4D3AE4CD}.Debug|Any CPU.ActiveCfg = Debug|Any CPU
		{DC64E510-068B-4CF5-82AA-41CC4D3AE4CD}.Debug|Any CPU.Build.0 = Debug|Any CPU
		{DC64E510-068B-4CF5-82AA-41CC4D3AE4CD}.Release|Any CPU.ActiveCfg = Release|Any CPU
		{DC64E510-068B-4CF5-82AA-41CC4D3AE4CD}.Release|Any CPU.Build.0 = Release|Any CPU
		{A61022F9-56B8-452C-997F-7926F637A619}.Debug|Any CPU.ActiveCfg = Debug|Any CPU
		{A61022F9-56B8-452C-997F-7926F637A619}.Debug|Any CPU.Build.0 = Debug|Any CPU
		{A61022F9-56B8-452C-997F-7926F637A619}.Release|Any CPU.ActiveCfg = Release|Any CPU
		{A61022F9-56B8-452C-997F-7926F637A619}.Release|Any CPU.Build.0 = Release|Any CPU
		{9C1B4F3D-6D2B-4BBB-9D6D-A55F6BC9A0CA}.Debug|Any CPU.ActiveCfg = Debug|Any CPU
		{9C1B4F3D-6D2B-4BBB-9D6D-A55F6BC9A0CA}.Debug|Any CPU.Build.0 = Debug|Any CPU
		{9C1B4F3D-6D2B-4BBB-9D6D-A55F6BC9A0CA}.Release|Any CPU.ActiveCfg = Release|Any CPU
		{9C1B4F3D-6D2B-4BBB-9D6D-A55F6BC9A0CA}.Release|Any CPU.Build.0 = Release|Any CPU
		{364A21C7-4122-4B01-B8C2-1A87249CC23D}.Debug|Any CPU.ActiveCfg = Debug|Any CPU
		{364A21C7-4122-4B01-B8C2-1A87249CC23D}.Debug|Any CPU.Build.0 = Debug|Any CPU
		{364A21C7-4122-4B01-B8C2-1A87249CC23D}.Release|Any CPU.ActiveCfg = Release|Any CPU
		{364A21C7-4122-4B01-B8C2-1A87249CC23D}.Release|Any CPU.Build.0 = Release|Any CPU
	EndGlobalSection
	GlobalSection(SolutionProperties) = preSolution
		HideSolutionNode = FALSE
	EndGlobalSection
	GlobalSection(NestedProjects) = preSolution
		{84F32E5D-A987-482F-A437-ADD74FF8FB1C} = {305DD517-0351-4B75-9B3D-89FB7A18415C}
		{07ACD54E-B0A1-4A70-A10D-30F4D17CD0BC} = {66CA2C5C-094C-46F6-8944-577EAE50F02F}
		{4E46237F-E3CF-4B5E-89F7-99D4E91C6954} = {D108B758-E3B1-4341-B5BC-D67C769B4618}
		{C3C497CC-6611-462D-8C60-E74B05DF11C7} = {66CA2C5C-094C-46F6-8944-577EAE50F02F}
		{CB4B5F79-1BAB-4D26-93A6-1B1DF340AB1C} = {66CA2C5C-094C-46F6-8944-577EAE50F02F}
		{DBF7D5D3-CFD9-4E40-AD75-E95DE608D05D} = {EE40B431-CF4F-4EEF-B8F2-2577ED5177B0}
		{22E0DD0C-9F4E-4C22-A1C0-031E89BC3C60} = {70C4D21F-CA19-45B8-B226-D18F53D88656}
		{C5879A07-725D-4ABB-A1CB-A3287CA8E154} = {22E0DD0C-9F4E-4C22-A1C0-031E89BC3C60}
		{EE40B431-CF4F-4EEF-B8F2-2577ED5177B0} = {22E0DD0C-9F4E-4C22-A1C0-031E89BC3C60}
		{D108B758-E3B1-4341-B5BC-D67C769B4618} = {70C4D21F-CA19-45B8-B226-D18F53D88656}
		{305DD517-0351-4B75-9B3D-89FB7A18415C} = {70C4D21F-CA19-45B8-B226-D18F53D88656}
		{DC64E510-068B-4CF5-82AA-41CC4D3AE4CD} = {22E0DD0C-9F4E-4C22-A1C0-031E89BC3C60}
		{A61022F9-56B8-452C-997F-7926F637A619} = {22E0DD0C-9F4E-4C22-A1C0-031E89BC3C60}
		{9C1B4F3D-6D2B-4BBB-9D6D-A55F6BC9A0CA} = {EE40B431-CF4F-4EEF-B8F2-2577ED5177B0}
		{364A21C7-4122-4B01-B8C2-1A87249CC23D} = {C5879A07-725D-4ABB-A1CB-A3287CA8E154}
	EndGlobalSection
	GlobalSection(ExtensibilityGlobals) = postSolution
		SolutionGuid = {64154683-B59B-40DA-9128-5E92B9080E10}
	EndGlobalSection
EndGlobal
