Microsoft Visual Studio Solution File, Format Version 12.00
# Visual Studio Version 17
VisualStudioVersion = 17.10.34928.147
MinimumVisualStudioVersion = 10.0.40219.1
Project("{9A19103F-16F7-4668-BE54-9A1E7A4F7556}") = "FinanceManager.AppHost", "FinanceManager.AppHost\FinanceManager.AppHost.csproj", "{0308ADC5-E3E2-4321-8C21-903A6E00DA0C}"
EndProject
Project("{9A19103F-16F7-4668-BE54-9A1E7A4F7556}") = "FinanceManager.ServiceDefaults", "FinanceManager.ServiceDefaults\FinanceManager.ServiceDefaults.csproj", "{EA2C377C-550A-4EC1-8170-64E1CD73FCFF}"
EndProject
Project("{9A19103F-16F7-4668-BE54-9A1E7A4F7556}") = "FinanceManager.ApiService", "FinanceManager.ApiService\FinanceManager.ApiService.csproj", "{CCB684AA-CBA5-4F8E-95DE-120247044850}"
EndProject
Project("{9A19103F-16F7-4668-BE54-9A1E7A4F7556}") = "FinanceManager.Web", "FinanceManager.Web\FinanceManager.Web.csproj", "{687AA926-7A77-4038-BB16-3461CEFC25E7}"
EndProject
Project("{2150E333-8FDC-42A3-9474-1A3956D46DE8}") = "src", "src", "{628B8BF0-26CD-4810-A1BF-D6C72BE1E5B8}"
EndProject
Project("{2150E333-8FDC-42A3-9474-1A3956D46DE8}") = "Web", "Web", "{A901D532-6F5F-43EC-9591-1CE416650E45}"
EndProject
Project("{2150E333-8FDC-42A3-9474-1A3956D46DE8}") = "Core", "Core", "{36FEA781-A32B-40B6-9562-33FC2F0D4203}"
EndProject
Project("{2150E333-8FDC-42A3-9474-1A3956D46DE8}") = "Infrastructure", "Infrastructure", "{7562DB15-21DC-408E-9B77-87544EABD04E}"
EndProject
Project("{9A19103F-16F7-4668-BE54-9A1E7A4F7556}") = "FinanceManager.Infrastructure", "FinanceManager.Infrastructure\FinanceManager.Infrastructure.csproj", "{1891411C-C8FB-40B3-98E9-661748C63786}"
EndProject
Project("{2150E333-8FDC-42A3-9474-1A3956D46DE8}") = "Server", "Server", "{5398163E-0756-4B16-BCE9-9EE176A9F7F7}"
EndProject
Project("{2150E333-8FDC-42A3-9474-1A3956D46DE8}") = "Client", "Client", "{EDDF4502-7109-470B-8897-F69C7D333F88}"
EndProject
Project("{9A19103F-16F7-4668-BE54-9A1E7A4F7556}") = "FinanceManager.Domain", "FinanceManager.Domain\FinanceManager.Domain.csproj", "{A17553A8-ED42-4809-88E9-B48C0B067514}"
EndProject
Project("{9A19103F-16F7-4668-BE54-9A1E7A4F7556}") = "FinanceManager.Application", "FinanceManager.Application\FinanceManager.Application.csproj", "{003CC570-176A-472E-8F99-6F0E2AB2D54B}"
EndProject
Project("{9A19103F-16F7-4668-BE54-9A1E7A4F7556}") = "FinanceManager.Infrastructure.Tests", "..\Tests\FinanceManager.Infrastructure.Tests\FinanceManager.Infrastructure.Tests.csproj", "{BD6ED337-5750-496A-9EC7-7F96753BE835}"
EndProject
Project("{2150E333-8FDC-42A3-9474-1A3956D46DE8}") = "tests", "tests", "{769686D0-A5C3-4F50-B3BA-4710B8EF4BC5}"
EndProject
Global
	GlobalSection(SolutionConfigurationPlatforms) = preSolution
		Debug|Any CPU = Debug|Any CPU
		Release|Any CPU = Release|Any CPU
	EndGlobalSection
	GlobalSection(ProjectConfigurationPlatforms) = postSolution
		{0308ADC5-E3E2-4321-8C21-903A6E00DA0C}.Debug|Any CPU.ActiveCfg = Debug|Any CPU
		{0308ADC5-E3E2-4321-8C21-903A6E00DA0C}.Debug|Any CPU.Build.0 = Debug|Any CPU
		{0308ADC5-E3E2-4321-8C21-903A6E00DA0C}.Release|Any CPU.ActiveCfg = Release|Any CPU
		{0308ADC5-E3E2-4321-8C21-903A6E00DA0C}.Release|Any CPU.Build.0 = Release|Any CPU
		{EA2C377C-550A-4EC1-8170-64E1CD73FCFF}.Debug|Any CPU.ActiveCfg = Debug|Any CPU
		{EA2C377C-550A-4EC1-8170-64E1CD73FCFF}.Debug|Any CPU.Build.0 = Debug|Any CPU
		{EA2C377C-550A-4EC1-8170-64E1CD73FCFF}.Release|Any CPU.ActiveCfg = Release|Any CPU
		{EA2C377C-550A-4EC1-8170-64E1CD73FCFF}.Release|Any CPU.Build.0 = Release|Any CPU
		{CCB684AA-CBA5-4F8E-95DE-120247044850}.Debug|Any CPU.ActiveCfg = Debug|Any CPU
		{CCB684AA-CBA5-4F8E-95DE-120247044850}.Debug|Any CPU.Build.0 = Debug|Any CPU
		{CCB684AA-CBA5-4F8E-95DE-120247044850}.Release|Any CPU.ActiveCfg = Release|Any CPU
		{CCB684AA-CBA5-4F8E-95DE-120247044850}.Release|Any CPU.Build.0 = Release|Any CPU
		{687AA926-7A77-4038-BB16-3461CEFC25E7}.Debug|Any CPU.ActiveCfg = Debug|Any CPU
		{687AA926-7A77-4038-BB16-3461CEFC25E7}.Debug|Any CPU.Build.0 = Debug|Any CPU
		{687AA926-7A77-4038-BB16-3461CEFC25E7}.Release|Any CPU.ActiveCfg = Release|Any CPU
		{687AA926-7A77-4038-BB16-3461CEFC25E7}.Release|Any CPU.Build.0 = Release|Any CPU
		{1891411C-C8FB-40B3-98E9-661748C63786}.Debug|Any CPU.ActiveCfg = Debug|Any CPU
		{1891411C-C8FB-40B3-98E9-661748C63786}.Debug|Any CPU.Build.0 = Debug|Any CPU
		{1891411C-C8FB-40B3-98E9-661748C63786}.Release|Any CPU.ActiveCfg = Release|Any CPU
		{1891411C-C8FB-40B3-98E9-661748C63786}.Release|Any CPU.Build.0 = Release|Any CPU
		{A17553A8-ED42-4809-88E9-B48C0B067514}.Debug|Any CPU.ActiveCfg = Debug|Any CPU
		{A17553A8-ED42-4809-88E9-B48C0B067514}.Debug|Any CPU.Build.0 = Debug|Any CPU
		{A17553A8-ED42-4809-88E9-B48C0B067514}.Release|Any CPU.ActiveCfg = Release|Any CPU
		{A17553A8-ED42-4809-88E9-B48C0B067514}.Release|Any CPU.Build.0 = Release|Any CPU
		{003CC570-176A-472E-8F99-6F0E2AB2D54B}.Debug|Any CPU.ActiveCfg = Debug|Any CPU
		{003CC570-176A-472E-8F99-6F0E2AB2D54B}.Debug|Any CPU.Build.0 = Debug|Any CPU
		{003CC570-176A-472E-8F99-6F0E2AB2D54B}.Release|Any CPU.ActiveCfg = Release|Any CPU
		{003CC570-176A-472E-8F99-6F0E2AB2D54B}.Release|Any CPU.Build.0 = Release|Any CPU
		{BD6ED337-5750-496A-9EC7-7F96753BE835}.Debug|Any CPU.ActiveCfg = Debug|Any CPU
		{BD6ED337-5750-496A-9EC7-7F96753BE835}.Debug|Any CPU.Build.0 = Debug|Any CPU
		{BD6ED337-5750-496A-9EC7-7F96753BE835}.Release|Any CPU.ActiveCfg = Release|Any CPU
		{BD6ED337-5750-496A-9EC7-7F96753BE835}.Release|Any CPU.Build.0 = Release|Any CPU
	EndGlobalSection
	GlobalSection(SolutionProperties) = preSolution
		HideSolutionNode = FALSE
	EndGlobalSection
	GlobalSection(NestedProjects) = preSolution
		{0308ADC5-E3E2-4321-8C21-903A6E00DA0C} = {A901D532-6F5F-43EC-9591-1CE416650E45}
		{EA2C377C-550A-4EC1-8170-64E1CD73FCFF} = {A901D532-6F5F-43EC-9591-1CE416650E45}
		{CCB684AA-CBA5-4F8E-95DE-120247044850} = {5398163E-0756-4B16-BCE9-9EE176A9F7F7}
		{687AA926-7A77-4038-BB16-3461CEFC25E7} = {EDDF4502-7109-470B-8897-F69C7D333F88}
		{A901D532-6F5F-43EC-9591-1CE416650E45} = {628B8BF0-26CD-4810-A1BF-D6C72BE1E5B8}
		{36FEA781-A32B-40B6-9562-33FC2F0D4203} = {628B8BF0-26CD-4810-A1BF-D6C72BE1E5B8}
		{7562DB15-21DC-408E-9B77-87544EABD04E} = {628B8BF0-26CD-4810-A1BF-D6C72BE1E5B8}
		{1891411C-C8FB-40B3-98E9-661748C63786} = {7562DB15-21DC-408E-9B77-87544EABD04E}
		{5398163E-0756-4B16-BCE9-9EE176A9F7F7} = {A901D532-6F5F-43EC-9591-1CE416650E45}
		{EDDF4502-7109-470B-8897-F69C7D333F88} = {A901D532-6F5F-43EC-9591-1CE416650E45}
		{A17553A8-ED42-4809-88E9-B48C0B067514} = {36FEA781-A32B-40B6-9562-33FC2F0D4203}
		{003CC570-176A-472E-8F99-6F0E2AB2D54B} = {36FEA781-A32B-40B6-9562-33FC2F0D4203}
		{BD6ED337-5750-496A-9EC7-7F96753BE835} = {769686D0-A5C3-4F50-B3BA-4710B8EF4BC5}
	EndGlobalSection
	GlobalSection(ExtensibilityGlobals) = postSolution
		SolutionGuid = {5F952CA0-D83E-4D8A-9A9B-D83D45D230F7}
	EndGlobalSection
EndGlobal
